version = 1
requires-python = ">=3.13"

[[package]]
name = "azure-cognitiveservices-speech"
version = "1.45.0"
source = { registry = "https://pypi.org/simple" }
dependencies = [
    { name = "azure-core" },
]
wheels = [
    { url = "https://files.pythonhosted.org/packages/d5/ff/ea861803fb4ac6e407d46f36f30c8f63c9214c6a72d66b62348a296a49a6/azure_cognitiveservices_speech-1.45.0-py3-none-macosx_10_14_x86_64.whl", hash = "sha256:09466a0f7c63652d1efde24acb9b5d8a500e880c2c22505984d53fec3ec705e4", size = 7489416 },
    { url = "https://files.pythonhosted.org/packages/19/d3/648d2d4e5033d6e84651248fa6ec06991a0e04e0e5e1f414b04c2a5e1eb9/azure_cognitiveservices_speech-1.45.0-py3-none-macosx_11_0_arm64.whl", hash = "sha256:940cf5f815231536b19911bc361ff363a1494ba696257d076726f4288547ff14", size = 7342303 },
    { url = "https://files.pythonhosted.org/packages/a6/36/623ffc42992f5fd886f189d5778ee4544711a92d9b5e6f64e0a61e6514dd/azure_cognitiveservices_speech-1.45.0-py3-none-manylinux1_x86_64.whl", hash = "sha256:317fc21f0fff3bbb8eb35d8db48669cd983a75c40740c60babe2c6476087e638", size = 41928888 },
    { url = "https://files.pythonhosted.org/packages/b1/7c/b0d430b106b05087be1df6d93f461d225ecc549e287e09a7005d4dca43ac/azure_cognitiveservices_speech-1.45.0-py3-none-manylinux2014_aarch64.whl", hash = "sha256:1f08f549d92ccb548df5b72049f973075ad2f6c3377a23d180921967af6496d5", size = 41709489 },
    { url = "https://files.pythonhosted.org/packages/7a/74/09e1cba9c8d3ec6820ccd5a1a0fe5e9b760f3a6e8ed32c3fe007cee92461/azure_cognitiveservices_speech-1.45.0-py3-none-win32.whl", hash = "sha256:9129845b18f24f446023762db73a03c5b53e47999a08c5744b108d07e2ecbe49", size = 2168530 },
    { url = "https://files.pythonhosted.org/packages/1c/10/ea33ba7079b018370c2604a857251a92da61042355bbb65b045e36860faf/azure_cognitiveservices_speech-1.45.0-py3-none-win_amd64.whl", hash = "sha256:eca91493183134fa6e54070e9ae96849732aaae0c651de955c190ab9643d3bbc", size = 2428705 },
    { url = "https://files.pythonhosted.org/packages/a8/26/9f0983fab26dc15d347eed7ca0700f905fa6a0bb6591702f6c99281ede2e/azure_cognitiveservices_speech-1.45.0-py3-none-win_arm64.whl", hash = "sha256:66d35847669313c9deeb09070c24e92f8e8cb06a8f792e5f6a5e75a4110cf71e", size = 2221054 },
]

[[package]]
name = "azure-core"
version = "1.35.0"
source = { registry = "https://pypi.org/simple" }
dependencies = [
    { name = "requests" },
    { name = "six" },
    { name = "typing-extensions" },
]
sdist = { url = "https://files.pythonhosted.org/packages/ce/89/f53968635b1b2e53e4aad2dd641488929fef4ca9dfb0b97927fa7697ddf3/azure_core-1.35.0.tar.gz", hash = "sha256:c0be528489485e9ede59b6971eb63c1eaacf83ef53001bfe3904e475e972be5c", size = 339689 }
wheels = [
    { url = "https://files.pythonhosted.org/packages/d4/78/bf94897361fdd650850f0f2e405b2293e2f12808239046232bdedf554301/azure_core-1.35.0-py3-none-any.whl", hash = "sha256:8db78c72868a58f3de8991eb4d22c4d368fae226dac1002998d6c50437e7dad1", size = 210708 },
]

[[package]]
name = "black"
version = "25.1.0"
source = { registry = "https://pypi.org/simple" }
dependencies = [
    { name = "click" },
    { name = "mypy-extensions" },
    { name = "packaging" },
    { name = "pathspec" },
    { name = "platformdirs" },
]
sdist = { url = "https://files.pythonhosted.org/packages/94/49/26a7b0f3f35da4b5a65f081943b7bcd22d7002f5f0fb8098ec1ff21cb6ef/black-25.1.0.tar.gz", hash = "sha256:33496d5cd1222ad73391352b4ae8da15253c5de89b93a80b3e2c8d9a19ec2666", size = 649449 }
wheels = [
    { url = "https://files.pythonhosted.org/packages/98/87/0edf98916640efa5d0696e1abb0a8357b52e69e82322628f25bf14d263d1/black-25.1.0-cp313-cp313-macosx_10_13_x86_64.whl", hash = "sha256:8f0b18a02996a836cc9c9c78e5babec10930862827b1b724ddfe98ccf2f2fe4f", size = 1650673 },
    { url = "https://files.pythonhosted.org/packages/52/e5/f7bf17207cf87fa6e9b676576749c6b6ed0d70f179a3d812c997870291c3/black-25.1.0-cp313-cp313-macosx_11_0_arm64.whl", hash = "sha256:afebb7098bfbc70037a053b91ae8437c3857482d3a690fefc03e9ff7aa9a5fd3", size = 1453190 },
    { url = "https://files.pythonhosted.org/packages/e3/ee/adda3d46d4a9120772fae6de454c8495603c37c4c3b9c60f25b1ab6401fe/black-25.1.0-cp313-cp313-manylinux_2_17_x86_64.manylinux2014_x86_64.manylinux_2_28_x86_64.whl", hash = "sha256:030b9759066a4ee5e5aca28c3c77f9c64789cdd4de8ac1df642c40b708be6171", size = 1782926 },
    { url = "https://files.pythonhosted.org/packages/cc/64/94eb5f45dcb997d2082f097a3944cfc7fe87e071907f677e80788a2d7b7a/black-25.1.0-cp313-cp313-win_amd64.whl", hash = "sha256:a22f402b410566e2d1c950708c77ebf5ebd5d0d88a6a2e87c86d9fb48afa0d18", size = 1442613 },
    { url = "https://files.pythonhosted.org/packages/09/71/54e999902aed72baf26bca0d50781b01838251a462612966e9fc4891eadd/black-25.1.0-py3-none-any.whl", hash = "sha256:95e8176dae143ba9097f351d174fdaf0ccd29efb414b362ae3fd72bf0f710717", size = 207646 },
]

[[package]]
name = "certifi"
version = "2025.8.3"
source = { registry = "https://pypi.org/simple" }
sdist = { url = "https://files.pythonhosted.org/packages/dc/67/960ebe6bf230a96cda2e0abcf73af550ec4f090005363542f0765df162e0/certifi-2025.8.3.tar.gz", hash = "sha256:e564105f78ded564e3ae7c923924435e1daa7463faeab5bb932bc53ffae63407", size = 162386 }
wheels = [
    { url = "https://files.pythonhosted.org/packages/e5/48/1549795ba7742c948d2ad169c1c8cdbae65bc450d6cd753d124b17c8cd32/certifi-2025.8.3-py3-none-any.whl", hash = "sha256:f6c12493cfb1b06ba2ff328595af9350c65d6644968e5d3a2ffd78699af217a5", size = 161216 },
]

[[package]]
name = "charset-normalizer"
version = "3.4.3"
source = { registry = "https://pypi.org/simple" }
sdist = { url = "https://files.pythonhosted.org/packages/83/2d/5fd176ceb9b2fc619e63405525573493ca23441330fcdaee6bef9460e924/charset_normalizer-3.4.3.tar.gz", hash = "sha256:6fce4b8500244f6fcb71465d4a4930d132ba9ab8e71a7859e6a5d59851068d14", size = 122371 }
wheels = [
    { url = "https://files.pythonhosted.org/packages/65/ca/2135ac97709b400c7654b4b764daf5c5567c2da45a30cdd20f9eefe2d658/charset_normalizer-3.4.3-cp313-cp313-macosx_10_13_universal2.whl", hash = "sha256:14c2a87c65b351109f6abfc424cab3927b3bdece6f706e4d12faaf3d52ee5efe", size = 205326 },
    { url = "https://files.pythonhosted.org/packages/71/11/98a04c3c97dd34e49c7d247083af03645ca3730809a5509443f3c37f7c99/charset_normalizer-3.4.3-cp313-cp313-manylinux2014_aarch64.manylinux_2_17_aarch64.manylinux_2_28_aarch64.whl", hash = "sha256:41d1fc408ff5fdfb910200ec0e74abc40387bccb3252f3f27c0676731df2b2c8", size = 146008 },
    { url = "https://files.pythonhosted.org/packages/60/f5/4659a4cb3c4ec146bec80c32d8bb16033752574c20b1252ee842a95d1a1e/charset_normalizer-3.4.3-cp313-cp313-manylinux2014_ppc64le.manylinux_2_17_ppc64le.manylinux_2_28_ppc64le.whl", hash = "sha256:1bb60174149316da1c35fa5233681f7c0f9f514509b8e399ab70fea5f17e45c9", size = 159196 },
    { url = "https://files.pythonhosted.org/packages/86/9e/f552f7a00611f168b9a5865a1414179b2c6de8235a4fa40189f6f79a1753/charset_normalizer-3.4.3-cp313-cp313-manylinux2014_s390x.manylinux_2_17_s390x.manylinux_2_28_s390x.whl", hash = "sha256:30d006f98569de3459c2fc1f2acde170b7b2bd265dc1943e87e1a4efe1b67c31", size = 156819 },
    { url = "https://files.pythonhosted.org/packages/7e/95/42aa2156235cbc8fa61208aded06ef46111c4d3f0de233107b3f38631803/charset_normalizer-3.4.3-cp313-cp313-manylinux2014_x86_64.manylinux_2_17_x86_64.manylinux_2_28_x86_64.whl", hash = "sha256:416175faf02e4b0810f1f38bcb54682878a4af94059a1cd63b8747244420801f", size = 151350 },
    { url = "https://files.pythonhosted.org/packages/c2/a9/3865b02c56f300a6f94fc631ef54f0a8a29da74fb45a773dfd3dcd380af7/charset_normalizer-3.4.3-cp313-cp313-musllinux_1_2_aarch64.whl", hash = "sha256:6aab0f181c486f973bc7262a97f5aca3ee7e1437011ef0c2ec04b5a11d16c927", size = 148644 },
    { url = "https://files.pythonhosted.org/packages/77/d9/cbcf1a2a5c7d7856f11e7ac2d782aec12bdfea60d104e60e0aa1c97849dc/charset_normalizer-3.4.3-cp313-cp313-musllinux_1_2_ppc64le.whl", hash = "sha256:fdabf8315679312cfa71302f9bd509ded4f2f263fb5b765cf1433b39106c3cc9", size = 160468 },
    { url = "https://files.pythonhosted.org/packages/f6/42/6f45efee8697b89fda4d50580f292b8f7f9306cb2971d4b53f8914e4d890/charset_normalizer-3.4.3-cp313-cp313-musllinux_1_2_s390x.whl", hash = "sha256:bd28b817ea8c70215401f657edef3a8aa83c29d447fb0b622c35403780ba11d5", size = 158187 },
    { url = "https://files.pythonhosted.org/packages/70/99/f1c3bdcfaa9c45b3ce96f70b14f070411366fa19549c1d4832c935d8e2c3/charset_normalizer-3.4.3-cp313-cp313-musllinux_1_2_x86_64.whl", hash = "sha256:18343b2d246dc6761a249ba1fb13f9ee9a2bcd95decc767319506056ea4ad4dc", size = 152699 },
    { url = "https://files.pythonhosted.org/packages/a3/ad/b0081f2f99a4b194bcbb1934ef3b12aa4d9702ced80a37026b7607c72e58/charset_normalizer-3.4.3-cp313-cp313-win32.whl", hash = "sha256:6fb70de56f1859a3f71261cbe41005f56a7842cc348d3aeb26237560bfa5e0ce", size = 99580 },
    { url = "https://files.pythonhosted.org/packages/9a/8f/ae790790c7b64f925e5c953b924aaa42a243fb778fed9e41f147b2a5715a/charset_normalizer-3.4.3-cp313-cp313-win_amd64.whl", hash = "sha256:cf1ebb7d78e1ad8ec2a8c4732c7be2e736f6e5123a4146c5b89c9d1f585f8cef", size = 107366 },
    { url = "https://files.pythonhosted.org/packages/8e/91/b5a06ad970ddc7a0e513112d40113e834638f4ca1120eb727a249fb2715e/charset_normalizer-3.4.3-cp314-cp314-macosx_10_13_universal2.whl", hash = "sha256:3cd35b7e8aedeb9e34c41385fda4f73ba609e561faedfae0a9e75e44ac558a15", size = 204342 },
    { url = "https://files.pythonhosted.org/packages/ce/ec/1edc30a377f0a02689342f214455c3f6c2fbedd896a1d2f856c002fc3062/charset_normalizer-3.4.3-cp314-cp314-manylinux2014_aarch64.manylinux_2_17_aarch64.manylinux_2_28_aarch64.whl", hash = "sha256:b89bc04de1d83006373429975f8ef9e7932534b8cc9ca582e4db7d20d91816db", size = 145995 },
    { url = "https://files.pythonhosted.org/packages/17/e5/5e67ab85e6d22b04641acb5399c8684f4d37caf7558a53859f0283a650e9/charset_normalizer-3.4.3-cp314-cp314-manylinux2014_ppc64le.manylinux_2_17_ppc64le.manylinux_2_28_ppc64le.whl", hash = "sha256:2001a39612b241dae17b4687898843f254f8748b796a2e16f1051a17078d991d", size = 158640 },
    { url = "https://files.pythonhosted.org/packages/f1/e5/38421987f6c697ee3722981289d554957c4be652f963d71c5e46a262e135/charset_normalizer-3.4.3-cp314-cp314-manylinux2014_s390x.manylinux_2_17_s390x.manylinux_2_28_s390x.whl", hash = "sha256:8dcfc373f888e4fb39a7bc57e93e3b845e7f462dacc008d9749568b1c4ece096", size = 156636 },
    { url = "https://files.pythonhosted.org/packages/a0/e4/5a075de8daa3ec0745a9a3b54467e0c2967daaaf2cec04c845f73493e9a1/charset_normalizer-3.4.3-cp314-cp314-manylinux2014_x86_64.manylinux_2_17_x86_64.manylinux_2_28_x86_64.whl", hash = "sha256:18b97b8404387b96cdbd30ad660f6407799126d26a39ca65729162fd810a99aa", size = 150939 },
    { url = "https://files.pythonhosted.org/packages/02/f7/3611b32318b30974131db62b4043f335861d4d9b49adc6d57c1149cc49d4/charset_normalizer-3.4.3-cp314-cp314-musllinux_1_2_aarch64.whl", hash = "sha256:ccf600859c183d70eb47e05a44cd80a4ce77394d1ac0f79dbd2dd90a69a3a049", size = 148580 },
    { url = "https://files.pythonhosted.org/packages/7e/61/19b36f4bd67f2793ab6a99b979b4e4f3d8fc754cbdffb805335df4337126/charset_normalizer-3.4.3-cp314-cp314-musllinux_1_2_ppc64le.whl", hash = "sha256:53cd68b185d98dde4ad8990e56a58dea83a4162161b1ea9272e5c9182ce415e0", size = 159870 },
    { url = "https://files.pythonhosted.org/packages/06/57/84722eefdd338c04cf3030ada66889298eaedf3e7a30a624201e0cbe424a/charset_normalizer-3.4.3-cp314-cp314-musllinux_1_2_s390x.whl", hash = "sha256:30a96e1e1f865f78b030d65241c1ee850cdf422d869e9028e2fc1d5e4db73b92", size = 157797 },
    { url = "https://files.pythonhosted.org/packages/72/2a/aff5dd112b2f14bcc3462c312dce5445806bfc8ab3a7328555da95330e4b/charset_normalizer-3.4.3-cp314-cp314-musllinux_1_2_x86_64.whl", hash = "sha256:d716a916938e03231e86e43782ca7878fb602a125a91e7acb8b5112e2e96ac16", size = 152224 },
    { url = "https://files.pythonhosted.org/packages/b7/8c/9839225320046ed279c6e839d51f028342eb77c91c89b8ef2549f951f3ec/charset_normalizer-3.4.3-cp314-cp314-win32.whl", hash = "sha256:c6dbd0ccdda3a2ba7c2ecd9d77b37f3b5831687d8dc1b6ca5f56a4880cc7b7ce", size = 100086 },
    { url = "https://files.pythonhosted.org/packages/ee/7a/36fbcf646e41f710ce0a563c1c9a343c6edf9be80786edeb15b6f62e17db/charset_normalizer-3.4.3-cp314-cp314-win_amd64.whl", hash = "sha256:73dc19b562516fc9bcf6e5d6e596df0b4eb98d87e4f79f3ae71840e6ed21361c", size = 107400 },
    { url = "https://files.pythonhosted.org/packages/8a/1f/f041989e93b001bc4e44bb1669ccdcf54d3f00e628229a85b08d330615c5/charset_normalizer-3.4.3-py3-none-any.whl", hash = "sha256:ce571ab16d890d23b5c278547ba694193a45011ff86a9162a71307ed9f86759a", size = 53175 },
]

[[package]]
name = "click"
version = "8.2.1"
source = { registry = "https://pypi.org/simple" }
dependencies = [
    { name = "colorama", marker = "sys_platform == 'win32'" },
]
sdist = { url = "https://files.pythonhosted.org/packages/60/6c/8ca2efa64cf75a977a0d7fac081354553ebe483345c734fb6b6515d96bbc/click-8.2.1.tar.gz", hash = "sha256:27c491cc05d968d271d5a1db13e3b5a184636d9d930f148c50b038f0d0646202", size = 286342 }
wheels = [
    { url = "https://files.pythonhosted.org/packages/85/32/10bb5764d90a8eee674e9dc6f4db6a0ab47c8c4d0d83c27f7c39ac415a4d/click-8.2.1-py3-none-any.whl", hash = "sha256:61a3265b914e850b85317d0b3109c7f8cd35a670f963866005d6ef1d5175a12b", size = 102215 },
]

[[package]]
name = "colorama"
version = "0.4.6"
source = { registry = "https://pypi.org/simple" }
sdist = { url = "https://files.pythonhosted.org/packages/d8/53/6f443c9a4a8358a93a6792e2acffb9d9d5cb0a5cfd8802644b7b1c9a02e4/colorama-0.4.6.tar.gz", hash = "sha256:08695f5cb7ed6e0531a20572697297273c47b8cae5a63ffc6d6ed5c201be6e44", size = 27697 }
wheels = [
    { url = "https://files.pythonhosted.org/packages/d1/d6/3965ed04c63042e047cb6a3e6ed1a63a35087b6a609aa3a15ed8ac56c221/colorama-0.4.6-py2.py3-none-any.whl", hash = "sha256:4f1d9991f5acc0ca119f9d443620b77f9d6b33703e51011c16baf57afb285fc6", size = 25335 },
]

[[package]]
name = "idna"
version = "3.10"
source = { registry = "https://pypi.org/simple" }
sdist = { url = "https://files.pythonhosted.org/packages/f1/70/7703c29685631f5a7590aa73f1f1d3fa9a380e654b86af429e0934a32f7d/idna-3.10.tar.gz", hash = "sha256:12f65c9b470abda6dc35cf8e63cc574b1c52b11df2c86030af0ac09b01b13ea9", size = 190490 }
wheels = [
    { url = "https://files.pythonhosted.org/packages/76/c6/c88e154df9c4e1a2a66ccf0005a88dfb2650c1dffb6f5ce603dfbd452ce3/idna-3.10-py3-none-any.whl", hash = "sha256:946d195a0d259cbba61165e88e65941f16e9b36ea6ddb97f00452bae8b1287d3", size = 70442 },
]

[[package]]
name = "iniconfig"
version = "2.1.0"
source = { registry = "https://pypi.org/simple" }
sdist = { url = "https://files.pythonhosted.org/packages/f2/97/ebf4da567aa6827c909642694d71c9fcf53e5b504f2d96afea02718862f3/iniconfig-2.1.0.tar.gz", hash = "sha256:3abbd2e30b36733fee78f9c7f7308f2d0050e88f0087fd25c2645f63c773e1c7", size = 4793 }
wheels = [
    { url = "https://files.pythonhosted.org/packages/2c/e1/e6716421ea10d38022b952c159d5161ca1193197fb744506875fbb87ea7b/iniconfig-2.1.0-py3-none-any.whl", hash = "sha256:9deba5723312380e77435581c6bf4935c94cbfab9b1ed33ef8d238ea168eb760", size = 6050 },
]

[[package]]
name = "lxml"
version = "6.0.1"
source = { registry = "https://pypi.org/simple" }
sdist = { url = "https://files.pythonhosted.org/packages/8f/bd/f9d01fd4132d81c6f43ab01983caea69ec9614b913c290a26738431a015d/lxml-6.0.1.tar.gz", hash = "sha256:2b3a882ebf27dd026df3801a87cf49ff791336e0f94b0fad195db77e01240690", size = 4070214 }
wheels = [
    { url = "https://files.pythonhosted.org/packages/43/c4/cd757eeec4548e6652eff50b944079d18ce5f8182d2b2cf514e125e8fbcb/lxml-6.0.1-cp313-cp313-macosx_10_13_universal2.whl", hash = "sha256:485eda5d81bb7358db96a83546949c5fe7474bec6c68ef3fa1fb61a584b00eea", size = 8405139 },
    { url = "https://files.pythonhosted.org/packages/ff/99/0290bb86a7403893f5e9658490c705fcea103b9191f2039752b071b4ef07/lxml-6.0.1-cp313-cp313-macosx_10_13_x86_64.whl", hash = "sha256:d12160adea318ce3d118f0b4fbdff7d1225c75fb7749429541b4d217b85c3f76", size = 4585954 },
    { url = "https://files.pythonhosted.org/packages/88/a7/4bb54dd1e626342a0f7df6ec6ca44fdd5d0e100ace53acc00e9a689ead04/lxml-6.0.1-cp313-cp313-manylinux2014_aarch64.manylinux_2_17_aarch64.whl", hash = "sha256:48c8d335d8ab72f9265e7ba598ae5105a8272437403f4032107dbcb96d3f0b29", size = 4944052 },
    { url = "https://files.pythonhosted.org/packages/71/8d/20f51cd07a7cbef6214675a8a5c62b2559a36d9303fe511645108887c458/lxml-6.0.1-cp313-cp313-manylinux2014_x86_64.manylinux_2_17_x86_64.whl", hash = "sha256:405e7cf9dbdbb52722c231e0f1257214202dfa192327fab3de45fd62e0554082", size = 5098885 },
    { url = "https://files.pythonhosted.org/packages/5a/63/efceeee7245d45f97d548e48132258a36244d3c13c6e3ddbd04db95ff496/lxml-6.0.1-cp313-cp313-manylinux_2_26_aarch64.manylinux_2_28_aarch64.whl", hash = "sha256:299a790d403335a6a057ade46f92612ebab87b223e4e8c5308059f2dc36f45ed", size = 5017542 },
    { url = "https://files.pythonhosted.org/packages/57/5d/92cb3d3499f5caba17f7933e6be3b6c7de767b715081863337ced42eb5f2/lxml-6.0.1-cp313-cp313-manylinux_2_26_i686.manylinux_2_28_i686.whl", hash = "sha256:48da704672f6f9c461e9a73250440c647638cc6ff9567ead4c3b1f189a604ee8", size = 5347303 },
    { url = "https://files.pythonhosted.org/packages/69/f8/606fa16a05d7ef5e916c6481c634f40870db605caffed9d08b1a4fb6b989/lxml-6.0.1-cp313-cp313-manylinux_2_26_ppc64le.manylinux_2_28_ppc64le.whl", hash = "sha256:21e364e1bb731489e3f4d51db416f991a5d5da5d88184728d80ecfb0904b1d68", size = 5641055 },
    { url = "https://files.pythonhosted.org/packages/b3/01/15d5fc74ebb49eac4e5df031fbc50713dcc081f4e0068ed963a510b7d457/lxml-6.0.1-cp313-cp313-manylinux_2_26_x86_64.manylinux_2_28_x86_64.whl", hash = "sha256:1bce45a2c32032afddbd84ed8ab092130649acb935536ef7a9559636ce7ffd4a", size = 5242719 },
    { url = "https://files.pythonhosted.org/packages/42/a5/1b85e2aaaf8deaa67e04c33bddb41f8e73d07a077bf9db677cec7128bfb4/lxml-6.0.1-cp313-cp313-manylinux_2_31_armv7l.whl", hash = "sha256:fa164387ff20ab0e575fa909b11b92ff1481e6876835014e70280769920c4433", size = 4717310 },
    { url = "https://files.pythonhosted.org/packages/42/23/f3bb1292f55a725814317172eeb296615db3becac8f1a059b53c51fc1da8/lxml-6.0.1-cp313-cp313-manylinux_2_38_riscv64.manylinux_2_39_riscv64.whl", hash = "sha256:7587ac5e000e1594e62278422c5783b34a82b22f27688b1074d71376424b73e8", size = 5254024 },
    { url = "https://files.pythonhosted.org/packages/b4/be/4d768f581ccd0386d424bac615d9002d805df7cc8482ae07d529f60a3c1e/lxml-6.0.1-cp313-cp313-musllinux_1_2_aarch64.whl", hash = "sha256:57478424ac4c9170eabf540237125e8d30fad1940648924c058e7bc9fb9cf6dd", size = 5055335 },
    { url = "https://files.pythonhosted.org/packages/40/07/ed61d1a3e77d1a9f856c4fab15ee5c09a2853fb7af13b866bb469a3a6d42/lxml-6.0.1-cp313-cp313-musllinux_1_2_armv7l.whl", hash = "sha256:09c74afc7786c10dd6afaa0be2e4805866beadc18f1d843cf517a7851151b499", size = 4784864 },
    { url = "https://files.pythonhosted.org/packages/01/37/77e7971212e5c38a55431744f79dff27fd751771775165caea096d055ca4/lxml-6.0.1-cp313-cp313-musllinux_1_2_ppc64le.whl", hash = "sha256:7fd70681aeed83b196482d42a9b0dc5b13bab55668d09ad75ed26dff3be5a2f5", size = 5657173 },
    { url = "https://files.pythonhosted.org/packages/32/a3/e98806d483941cd9061cc838b1169626acef7b2807261fbe5e382fcef881/lxml-6.0.1-cp313-cp313-musllinux_1_2_riscv64.whl", hash = "sha256:10a72e456319b030b3dd900df6b1f19d89adf06ebb688821636dc406788cf6ac", size = 5245896 },
    { url = "https://files.pythonhosted.org/packages/07/de/9bb5a05e42e8623bf06b4638931ea8c8f5eb5a020fe31703abdbd2e83547/lxml-6.0.1-cp313-cp313-musllinux_1_2_x86_64.whl", hash = "sha256:b0fa45fb5f55111ce75b56c703843b36baaf65908f8b8d2fbbc0e249dbc127ed", size = 5267417 },
    { url = "https://files.pythonhosted.org/packages/f2/43/c1cb2a7c67226266c463ef8a53b82d42607228beb763b5fbf4867e88a21f/lxml-6.0.1-cp313-cp313-win32.whl", hash = "sha256:01dab65641201e00c69338c9c2b8a0f2f484b6b3a22d10779bb417599fae32b5", size = 3610051 },
    { url = "https://files.pythonhosted.org/packages/34/96/6a6c3b8aa480639c1a0b9b6faf2a63fb73ab79ffcd2a91cf28745faa22de/lxml-6.0.1-cp313-cp313-win_amd64.whl", hash = "sha256:bdf8f7c8502552d7bff9e4c98971910a0a59f60f88b5048f608d0a1a75e94d1c", size = 4009325 },
    { url = "https://files.pythonhosted.org/packages/8c/66/622e8515121e1fd773e3738dae71b8df14b12006d9fb554ce90886689fd0/lxml-6.0.1-cp313-cp313-win_arm64.whl", hash = "sha256:a6aeca75959426b9fd8d4782c28723ba224fe07cfa9f26a141004210528dcbe2", size = 3670443 },
    { url = "https://files.pythonhosted.org/packages/38/e3/b7eb612ce07abe766918a7e581ec6a0e5212352194001fd287c3ace945f0/lxml-6.0.1-cp314-cp314-macosx_10_13_universal2.whl", hash = "sha256:29b0e849ec7030e3ecb6112564c9f7ad6881e3b2375dd4a0c486c5c1f3a33859", size = 8426160 },
    { url = "https://files.pythonhosted.org/packages/35/8f/ab3639a33595cf284fe733c6526da2ca3afbc5fd7f244ae67f3303cec654/lxml-6.0.1-cp314-cp314-macosx_10_13_x86_64.whl", hash = "sha256:02a0f7e629f73cc0be598c8b0611bf28ec3b948c549578a26111b01307fd4051", size = 4589288 },
    { url = "https://files.pythonhosted.org/packages/2c/65/819d54f2e94d5c4458c1db8c1ccac9d05230b27c1038937d3d788eb406f9/lxml-6.0.1-cp314-cp314-manylinux2014_aarch64.manylinux_2_17_aarch64.whl", hash = "sha256:beab5e54de016e730875f612ba51e54c331e2fa6dc78ecf9a5415fc90d619348", size = 4964523 },
    { url = "https://files.pythonhosted.org/packages/5b/4a/d4a74ce942e60025cdaa883c5a4478921a99ce8607fc3130f1e349a83b28/lxml-6.0.1-cp314-cp314-manylinux2014_x86_64.manylinux_2_17_x86_64.whl", hash = "sha256:92a08aefecd19ecc4ebf053c27789dd92c87821df2583a4337131cf181a1dffa", size = 5101108 },
    { url = "https://files.pythonhosted.org/packages/cb/48/67f15461884074edd58af17b1827b983644d1fae83b3d909e9045a08b61e/lxml-6.0.1-cp314-cp314-manylinux_2_26_aarch64.manylinux_2_28_aarch64.whl", hash = "sha256:36c8fa7e177649470bc3dcf7eae6bee1e4984aaee496b9ccbf30e97ac4127fa2", size = 5053498 },
    { url = "https://files.pythonhosted.org/packages/b6/d4/ec1bf1614828a5492f4af0b6a9ee2eb3e92440aea3ac4fa158e5228b772b/lxml-6.0.1-cp314-cp314-manylinux_2_26_i686.manylinux_2_28_i686.whl", hash = "sha256:5d08e0f1af6916267bb7eff21c09fa105620f07712424aaae09e8cb5dd4164d1", size = 5351057 },
    { url = "https://files.pythonhosted.org/packages/65/2b/c85929dacac08821f2100cea3eb258ce5c8804a4e32b774f50ebd7592850/lxml-6.0.1-cp314-cp314-manylinux_2_26_ppc64le.manylinux_2_28_ppc64le.whl", hash = "sha256:9705cdfc05142f8c38c97a61bd3a29581ceceb973a014e302ee4a73cc6632476", size = 5671579 },
    { url = "https://files.pythonhosted.org/packages/d0/36/cf544d75c269b9aad16752fd9f02d8e171c5a493ca225cb46bb7ba72868c/lxml-6.0.1-cp314-cp314-manylinux_2_26_x86_64.manylinux_2_28_x86_64.whl", hash = "sha256:74555e2da7c1636e30bff4e6e38d862a634cf020ffa591f1f63da96bf8b34772", size = 5250403 },
    { url = "https://files.pythonhosted.org/packages/c2/e8/83dbc946ee598fd75fdeae6151a725ddeaab39bb321354a9468d4c9f44f3/lxml-6.0.1-cp314-cp314-manylinux_2_31_armv7l.whl", hash = "sha256:e38b5f94c5a2a5dadaddd50084098dfd005e5a2a56cd200aaf5e0a20e8941782", size = 4696712 },
    { url = "https://files.pythonhosted.org/packages/f4/72/889c633b47c06205743ba935f4d1f5aa4eb7f0325d701ed2b0540df1b004/lxml-6.0.1-cp314-cp314-manylinux_2_38_riscv64.manylinux_2_39_riscv64.whl", hash = "sha256:a5ec101a92ddacb4791977acfc86c1afd624c032974bfb6a21269d1083c9bc49", size = 5268177 },
    { url = "https://files.pythonhosted.org/packages/b0/b6/f42a21a1428479b66ea0da7bd13e370436aecaff0cfe93270c7e165bd2a4/lxml-6.0.1-cp314-cp314-musllinux_1_2_aarch64.whl", hash = "sha256:5c17e70c82fd777df586c12114bbe56e4e6f823a971814fd40dec9c0de518772", size = 5094648 },
    { url = "https://files.pythonhosted.org/packages/51/b0/5f8c1e8890e2ee1c2053c2eadd1cb0e4b79e2304e2912385f6ca666f48b1/lxml-6.0.1-cp314-cp314-musllinux_1_2_armv7l.whl", hash = "sha256:45fdd0415a0c3d91640b5d7a650a8f37410966a2e9afebb35979d06166fd010e", size = 4745220 },
    { url = "https://files.pythonhosted.org/packages/eb/f9/820b5125660dae489ca3a21a36d9da2e75dd6b5ffe922088f94bbff3b8a0/lxml-6.0.1-cp314-cp314-musllinux_1_2_ppc64le.whl", hash = "sha256:d417eba28981e720a14fcb98f95e44e7a772fe25982e584db38e5d3b6ee02e79", size = 5692913 },
    { url = "https://files.pythonhosted.org/packages/23/8e/a557fae9eec236618aecf9ff35fec18df41b6556d825f3ad6017d9f6e878/lxml-6.0.1-cp314-cp314-musllinux_1_2_riscv64.whl", hash = "sha256:8e5d116b9e59be7934febb12c41cce2038491ec8fdb743aeacaaf36d6e7597e4", size = 5259816 },
    { url = "https://files.pythonhosted.org/packages/fa/fd/b266cfaab81d93a539040be699b5854dd24c84e523a1711ee5f615aa7000/lxml-6.0.1-cp314-cp314-musllinux_1_2_x86_64.whl", hash = "sha256:c238f0d0d40fdcb695c439fe5787fa69d40f45789326b3bb6ef0d61c4b588d6e", size = 5276162 },
    { url = "https://files.pythonhosted.org/packages/25/6c/6f9610fbf1de002048e80585ea4719591921a0316a8565968737d9f125ca/lxml-6.0.1-cp314-cp314-win32.whl", hash = "sha256:537b6cf1c5ab88cfd159195d412edb3e434fee880f206cbe68dff9c40e17a68a", size = 3669595 },
    { url = "https://files.pythonhosted.org/packages/72/a5/506775e3988677db24dc75a7b03e04038e0b3d114ccd4bccea4ce0116c15/lxml-6.0.1-cp314-cp314-win_amd64.whl", hash = "sha256:911d0a2bb3ef3df55b3d97ab325a9ca7e438d5112c102b8495321105d25a441b", size = 4079818 },
    { url = "https://files.pythonhosted.org/packages/0a/44/9613f300201b8700215856e5edd056d4e58dd23368699196b58877d4408b/lxml-6.0.1-cp314-cp314-win_arm64.whl", hash = "sha256:2834377b0145a471a654d699bdb3a2155312de492142ef5a1d426af2c60a0a31", size = 3753901 },
]

[[package]]
name = "mypy-extensions"
version = "1.1.0"
source = { registry = "https://pypi.org/simple" }
sdist = { url = "https://files.pythonhosted.org/packages/a2/6e/371856a3fb9d31ca8dac321cda606860fa4548858c0cc45d9d1d4ca2628b/mypy_extensions-1.1.0.tar.gz", hash = "sha256:52e68efc3284861e772bbcd66823fde5ae21fd2fdb51c62a211403730b916558", size = 6343 }
wheels = [
    { url = "https://files.pythonhosted.org/packages/79/7b/2c79738432f5c924bef5071f933bcc9efd0473bac3b4aa584a6f7c1c8df8/mypy_extensions-1.1.0-py3-none-any.whl", hash = "sha256:1be4cccdb0f2482337c4743e60421de3a356cd97508abadd57d47403e94f5505", size = 4963 },
]

[[package]]
name = "packaging"
version = "25.0"
source = { registry = "https://pypi.org/simple" }
sdist = { url = "https://files.pythonhosted.org/packages/a1/d4/1fc4078c65507b51b96ca8f8c3ba19e6a61c8253c72794544580a7b6c24d/packaging-25.0.tar.gz", hash = "sha256:d443872c98d677bf60f6a1f2f8c1cb748e8fe762d2bf9d3148b5599295b0fc4f", size = 165727 }
wheels = [
    { url = "https://files.pythonhosted.org/packages/20/12/38679034af332785aac8774540895e234f4d07f7545804097de4b666afd8/packaging-25.0-py3-none-any.whl", hash = "sha256:29572ef2b1f17581046b3a2227d5c611fb25ec70ca1ba8554b24b0e69331a484", size = 66469 },
]

[[package]]
name = "pathspec"
version = "0.12.1"
source = { registry = "https://pypi.org/simple" }
sdist = { url = "https://files.pythonhosted.org/packages/ca/bc/f35b8446f4531a7cb215605d100cd88b7ac6f44ab3fc94870c120ab3adbf/pathspec-0.12.1.tar.gz", hash = "sha256:a482d51503a1ab33b1c67a6c3813a26953dbdc71c31dacaef9a838c4e29f5712", size = 51043 }
wheels = [
    { url = "https://files.pythonhosted.org/packages/cc/20/ff623b09d963f88bfde16306a54e12ee5ea43e9b597108672ff3a408aad6/pathspec-0.12.1-py3-none-any.whl", hash = "sha256:a0d503e138a4c123b27490a4f7beda6a01c6f288df0e4a8b79c7eb0dc7b4cc08", size = 31191 },
]

[[package]]
name = "platformdirs"
version = "4.3.8"
source = { registry = "https://pypi.org/simple" }
sdist = { url = "https://files.pythonhosted.org/packages/fe/8b/3c73abc9c759ecd3f1f7ceff6685840859e8070c4d947c93fae71f6a0bf2/platformdirs-4.3.8.tar.gz", hash = "sha256:3d512d96e16bcb959a814c9f348431070822a6496326a4be0911c40b5a74c2bc", size = 21362 }
wheels = [
    { url = "https://files.pythonhosted.org/packages/fe/39/979e8e21520d4e47a0bbe349e2713c0aac6f3d853d0e5b34d76206c439aa/platformdirs-4.3.8-py3-none-any.whl", hash = "sha256:ff7059bb7eb1179e2685604f4aaf157cfd9535242bd23742eadc3c13542139b4", size = 18567 },
]

[[package]]
name = "pluggy"
version = "1.6.0"
source = { registry = "https://pypi.org/simple" }
sdist = { url = "https://files.pythonhosted.org/packages/f9/e2/3e91f31a7d2b083fe6ef3fa267035b518369d9511ffab804f839851d2779/pluggy-1.6.0.tar.gz", hash = "sha256:7dcc130b76258d33b90f61b658791dede3486c3e6bfb003ee5c9bfb396dd22f3", size = 69412 }
wheels = [
    { url = "https://files.pythonhosted.org/packages/54/20/4d324d65cc6d9205fabedc306948156824eb9f0ee1633355a8f7ec5c66bf/pluggy-1.6.0-py3-none-any.whl", hash = "sha256:e920276dd6813095e9377c0bc5566d94c932c33b27a3e3945d8389c374dd4746", size = 20538 },
]

[[package]]
name = "pycountry"
version = "24.6.1"
source = { registry = "https://pypi.org/simple" }
sdist = { url = "https://files.pythonhosted.org/packages/76/57/c389fa68c50590881a75b7883eeb3dc15e9e73a0fdc001cdd45c13290c92/pycountry-24.6.1.tar.gz", hash = "sha256:b61b3faccea67f87d10c1f2b0fc0be714409e8fcdcc1315613174f6466c10221", size = 6043910 }
wheels = [
    { url = "https://files.pythonhosted.org/packages/b1/ec/1fb891d8a2660716aadb2143235481d15ed1cbfe3ad669194690b0604492/pycountry-24.6.1-py3-none-any.whl", hash = "sha256:f1a4fb391cd7214f8eefd39556d740adcc233c778a27f8942c8dca351d6ce06f", size = 6335189 },
]

[[package]]
name = "pygments"
version = "2.19.2"
source = { registry = "https://pypi.org/simple" }
sdist = { url = "https://files.pythonhosted.org/packages/b0/77/a5b8c569bf593b0140bde72ea885a803b82086995367bf2037de0159d924/pygments-2.19.2.tar.gz", hash = "sha256:636cb2477cec7f8952536970bc533bc43743542f70392ae026374600add5b887", size = 4968631 }
wheels = [
    { url = "https://files.pythonhosted.org/packages/c7/21/705964c7812476f378728bdf590ca4b771ec72385c533964653c68e86bdc/pygments-2.19.2-py3-none-any.whl", hash = "sha256:86540386c03d588bb81d44bc3928634ff26449851e99741617ecb9037ee5ec0b", size = 1225217 },
]

[[package]]
name = "pytest"
version = "8.4.1"
source = { registry = "https://pypi.org/simple" }
dependencies = [
    { name = "colorama", marker = "sys_platform == 'win32'" },
    { name = "iniconfig" },
    { name = "packaging" },
    { name = "pluggy" },
    { name = "pygments" },
]
sdist = { url = "https://files.pythonhosted.org/packages/08/ba/45911d754e8eba3d5a841a5ce61a65a685ff1798421ac054f85aa8747dfb/pytest-8.4.1.tar.gz", hash = "sha256:7c67fd69174877359ed9371ec3af8a3d2b04741818c51e5e99cc1742251fa93c", size = 1517714 }
wheels = [
    { url = "https://files.pythonhosted.org/packages/29/16/c8a903f4c4dffe7a12843191437d7cd8e32751d5de349d45d3fe69544e87/pytest-8.4.1-py3-none-any.whl", hash = "sha256:539c70ba6fcead8e78eebbf1115e8b589e7565830d7d006a8723f19ac8a0afb7", size = 365474 },
]

[[package]]
name = "regex"
version = "2025.7.34"
source = { registry = "https://pypi.org/simple" }
sdist = { url = "https://files.pythonhosted.org/packages/0b/de/e13fa6dc61d78b30ba47481f99933a3b49a57779d625c392d8036770a60d/regex-2025.7.34.tar.gz", hash = "sha256:9ead9765217afd04a86822dfcd4ed2747dfe426e887da413b15ff0ac2457e21a", size = 400714 }
wheels = [
    { url = "https://files.pythonhosted.org/packages/15/16/b709b2119975035169a25aa8e4940ca177b1a2e25e14f8d996d09130368e/regex-2025.7.34-cp313-cp313-macosx_10_13_universal2.whl", hash = "sha256:c3c9740a77aeef3f5e3aaab92403946a8d34437db930a0280e7e81ddcada61f5", size = 485334 },
    { url = "https://files.pythonhosted.org/packages/94/a6/c09136046be0595f0331bc58a0e5f89c2d324cf734e0b0ec53cf4b12a636/regex-2025.7.34-cp313-cp313-macosx_10_13_x86_64.whl", hash = "sha256:69ed3bc611540f2ea70a4080f853741ec698be556b1df404599f8724690edbcd", size = 289942 },
    { url = "https://files.pythonhosted.org/packages/36/91/08fc0fd0f40bdfb0e0df4134ee37cfb16e66a1044ac56d36911fd01c69d2/regex-2025.7.34-cp313-cp313-macosx_11_0_arm64.whl", hash = "sha256:d03c6f9dcd562c56527c42b8530aad93193e0b3254a588be1f2ed378cdfdea1b", size = 285991 },
    { url = "https://files.pythonhosted.org/packages/be/2f/99dc8f6f756606f0c214d14c7b6c17270b6bbe26d5c1f05cde9dbb1c551f/regex-2025.7.34-cp313-cp313-manylinux2014_aarch64.manylinux_2_17_aarch64.manylinux_2_28_aarch64.whl", hash = "sha256:6164b1d99dee1dfad33f301f174d8139d4368a9fb50bf0a3603b2eaf579963ad", size = 797415 },
    { url = "https://files.pythonhosted.org/packages/62/cf/2fcdca1110495458ba4e95c52ce73b361cf1cafd8a53b5c31542cde9a15b/regex-2025.7.34-cp313-cp313-manylinux2014_ppc64le.manylinux_2_17_ppc64le.manylinux_2_28_ppc64le.whl", hash = "sha256:1e4f4f62599b8142362f164ce776f19d79bdd21273e86920a7b604a4275b4f59", size = 862487 },
    { url = "https://files.pythonhosted.org/packages/90/38/899105dd27fed394e3fae45607c1983e138273ec167e47882fc401f112b9/regex-2025.7.34-cp313-cp313-manylinux2014_s390x.manylinux_2_17_s390x.manylinux_2_28_s390x.whl", hash = "sha256:72a26dcc6a59c057b292f39d41465d8233a10fd69121fa24f8f43ec6294e5415", size = 910717 },
    { url = "https://files.pythonhosted.org/packages/ee/f6/4716198dbd0bcc9c45625ac4c81a435d1c4d8ad662e8576dac06bab35b17/regex-2025.7.34-cp313-cp313-manylinux2014_x86_64.manylinux_2_17_x86_64.manylinux_2_28_x86_64.whl", hash = "sha256:d5273fddf7a3e602695c92716c420c377599ed3c853ea669c1fe26218867002f", size = 801943 },
    { url = "https://files.pythonhosted.org/packages/40/5d/cff8896d27e4e3dd11dd72ac78797c7987eb50fe4debc2c0f2f1682eb06d/regex-2025.7.34-cp313-cp313-musllinux_1_2_aarch64.whl", hash = "sha256:c1844be23cd40135b3a5a4dd298e1e0c0cb36757364dd6cdc6025770363e06c1", size = 786664 },
    { url = "https://files.pythonhosted.org/packages/10/29/758bf83cf7b4c34f07ac3423ea03cee3eb3176941641e4ccc05620f6c0b8/regex-2025.7.34-cp313-cp313-musllinux_1_2_ppc64le.whl", hash = "sha256:dde35e2afbbe2272f8abee3b9fe6772d9b5a07d82607b5788e8508974059925c", size = 856457 },
    { url = "https://files.pythonhosted.org/packages/d7/30/c19d212b619963c5b460bfed0ea69a092c6a43cba52a973d46c27b3e2975/regex-2025.7.34-cp313-cp313-musllinux_1_2_s390x.whl", hash = "sha256:f3f6e8e7af516a7549412ce57613e859c3be27d55341a894aacaa11703a4c31a", size = 849008 },
    { url = "https://files.pythonhosted.org/packages/9e/b8/3c35da3b12c87e3cc00010ef6c3a4ae787cff0bc381aa3d251def219969a/regex-2025.7.34-cp313-cp313-musllinux_1_2_x86_64.whl", hash = "sha256:469142fb94a869beb25b5f18ea87646d21def10fbacb0bcb749224f3509476f0", size = 788101 },
    { url = "https://files.pythonhosted.org/packages/47/80/2f46677c0b3c2b723b2c358d19f9346e714113865da0f5f736ca1a883bde/regex-2025.7.34-cp313-cp313-win32.whl", hash = "sha256:da7507d083ee33ccea1310447410c27ca11fb9ef18c95899ca57ff60a7e4d8f1", size = 264401 },
    { url = "https://files.pythonhosted.org/packages/be/fa/917d64dd074682606a003cba33585c28138c77d848ef72fc77cbb1183849/regex-2025.7.34-cp313-cp313-win_amd64.whl", hash = "sha256:9d644de5520441e5f7e2db63aec2748948cc39ed4d7a87fd5db578ea4043d997", size = 275368 },
    { url = "https://files.pythonhosted.org/packages/65/cd/f94383666704170a2154a5df7b16be28f0c27a266bffcd843e58bc84120f/regex-2025.7.34-cp313-cp313-win_arm64.whl", hash = "sha256:7bf1c5503a9f2cbd2f52d7e260acb3131b07b6273c470abb78568174fe6bde3f", size = 268482 },
    { url = "https://files.pythonhosted.org/packages/ac/23/6376f3a23cf2f3c00514b1cdd8c990afb4dfbac3cb4a68b633c6b7e2e307/regex-2025.7.34-cp314-cp314-macosx_10_13_universal2.whl", hash = "sha256:8283afe7042d8270cecf27cca558873168e771183d4d593e3c5fe5f12402212a", size = 485385 },
    { url = "https://files.pythonhosted.org/packages/73/5b/6d4d3a0b4d312adbfd6d5694c8dddcf1396708976dd87e4d00af439d962b/regex-2025.7.34-cp314-cp314-macosx_10_13_x86_64.whl", hash = "sha256:6c053f9647e3421dd2f5dff8172eb7b4eec129df9d1d2f7133a4386319b47435", size = 289788 },
    { url = "https://files.pythonhosted.org/packages/92/71/5862ac9913746e5054d01cb9fb8125b3d0802c0706ef547cae1e7f4428fa/regex-2025.7.34-cp314-cp314-macosx_11_0_arm64.whl", hash = "sha256:a16dd56bbcb7d10e62861c3cd000290ddff28ea142ffb5eb3470f183628011ac", size = 286136 },
    { url = "https://files.pythonhosted.org/packages/27/df/5b505dc447eb71278eba10d5ec940769ca89c1af70f0468bfbcb98035dc2/regex-2025.7.34-cp314-cp314-manylinux2014_aarch64.manylinux_2_17_aarch64.manylinux_2_28_aarch64.whl", hash = "sha256:69c593ff5a24c0d5c1112b0df9b09eae42b33c014bdca7022d6523b210b69f72", size = 797753 },
    { url = "https://files.pythonhosted.org/packages/86/38/3e3dc953d13998fa047e9a2414b556201dbd7147034fbac129392363253b/regex-2025.7.34-cp314-cp314-manylinux2014_ppc64le.manylinux_2_17_ppc64le.manylinux_2_28_ppc64le.whl", hash = "sha256:98d0ce170fcde1a03b5df19c5650db22ab58af375aaa6ff07978a85c9f250f0e", size = 863263 },
    { url = "https://files.pythonhosted.org/packages/68/e5/3ff66b29dde12f5b874dda2d9dec7245c2051f2528d8c2a797901497f140/regex-2025.7.34-cp314-cp314-manylinux2014_s390x.manylinux_2_17_s390x.manylinux_2_28_s390x.whl", hash = "sha256:d72765a4bff8c43711d5b0f5b452991a9947853dfa471972169b3cc0ba1d0751", size = 910103 },
    { url = "https://files.pythonhosted.org/packages/9e/fe/14176f2182125977fba3711adea73f472a11f3f9288c1317c59cd16ad5e6/regex-2025.7.34-cp314-cp314-manylinux2014_x86_64.manylinux_2_17_x86_64.manylinux_2_28_x86_64.whl", hash = "sha256:4494f8fd95a77eb434039ad8460e64d57baa0434f1395b7da44015bef650d0e4", size = 801709 },
    { url = "https://files.pythonhosted.org/packages/5a/0d/80d4e66ed24f1ba876a9e8e31b709f9fd22d5c266bf5f3ab3c1afe683d7d/regex-2025.7.34-cp314-cp314-musllinux_1_2_aarch64.whl", hash = "sha256:4f42b522259c66e918a0121a12429b2abcf696c6f967fa37bdc7b72e61469f98", size = 786726 },
    { url = "https://files.pythonhosted.org/packages/12/75/c3ebb30e04a56c046f5c85179dc173818551037daae2c0c940c7b19152cb/regex-2025.7.34-cp314-cp314-musllinux_1_2_ppc64le.whl", hash = "sha256:aaef1f056d96a0a5d53ad47d019d5b4c66fe4be2da87016e0d43b7242599ffc7", size = 857306 },
    { url = "https://files.pythonhosted.org/packages/b1/b2/a4dc5d8b14f90924f27f0ac4c4c4f5e195b723be98adecc884f6716614b6/regex-2025.7.34-cp314-cp314-musllinux_1_2_s390x.whl", hash = "sha256:656433e5b7dccc9bc0da6312da8eb897b81f5e560321ec413500e5367fcd5d47", size = 848494 },
    { url = "https://files.pythonhosted.org/packages/0d/21/9ac6e07a4c5e8646a90b56b61f7e9dac11ae0747c857f91d3d2bc7c241d9/regex-2025.7.34-cp314-cp314-musllinux_1_2_x86_64.whl", hash = "sha256:e91eb2c62c39705e17b4d42d4b86c4e86c884c0d15d9c5a47d0835f8387add8e", size = 787850 },
    { url = "https://files.pythonhosted.org/packages/be/6c/d51204e28e7bc54f9a03bb799b04730d7e54ff2718862b8d4e09e7110a6a/regex-2025.7.34-cp314-cp314-win32.whl", hash = "sha256:f978ddfb6216028c8f1d6b0f7ef779949498b64117fc35a939022f67f810bdcb", size = 269730 },
    { url = "https://files.pythonhosted.org/packages/74/52/a7e92d02fa1fdef59d113098cb9f02c5d03289a0e9f9e5d4d6acccd10677/regex-2025.7.34-cp314-cp314-win_amd64.whl", hash = "sha256:4b7dc33b9b48fb37ead12ffc7bdb846ac72f99a80373c4da48f64b373a7abeae", size = 278640 },
    { url = "https://files.pythonhosted.org/packages/d1/78/a815529b559b1771080faa90c3ab401730661f99d495ab0071649f139ebd/regex-2025.7.34-cp314-cp314-win_arm64.whl", hash = "sha256:4b8c4d39f451e64809912c82392933d80fe2e4a87eeef8859fcc5380d0173c64", size = 271757 },
]

[[package]]
name = "requests"
version = "2.32.5"
source = { registry = "https://pypi.org/simple" }
dependencies = [
    { name = "certifi" },
    { name = "charset-normalizer" },
    { name = "idna" },
    { name = "urllib3" },
]
sdist = { url = "https://files.pythonhosted.org/packages/c9/74/b3ff8e6c8446842c3f5c837e9c3dfcfe2018ea6ecef224c710c85ef728f4/requests-2.32.5.tar.gz", hash = "sha256:dbba0bac56e100853db0ea71b82b4dfd5fe2bf6d3754a8893c3af500cec7d7cf", size = 134517 }
wheels = [
    { url = "https://files.pythonhosted.org/packages/1e/db/4254e3eabe8020b458f1a747140d32277ec7a271daf1d235b70dc0b4e6e3/requests-2.32.5-py3-none-any.whl", hash = "sha256:2462f94637a34fd532264295e186976db0f5d453d1cdd31473c85a6a161affb6", size = 64738 },
]

[[package]]
name = "ruff"
version = "0.12.10"
source = { registry = "https://pypi.org/simple" }
sdist = { url = "https://files.pythonhosted.org/packages/3b/eb/8c073deb376e46ae767f4961390d17545e8535921d2f65101720ed8bd434/ruff-0.12.10.tar.gz", hash = "sha256:189ab65149d11ea69a2d775343adf5f49bb2426fc4780f65ee33b423ad2e47f9", size = 5310076 }
wheels = [
    { url = "https://files.pythonhosted.org/packages/24/e7/560d049d15585d6c201f9eeacd2fd130def3741323e5ccf123786e0e3c95/ruff-0.12.10-py3-none-linux_armv6l.whl", hash = "sha256:8b593cb0fb55cc8692dac7b06deb29afda78c721c7ccfed22db941201b7b8f7b", size = 11935161 },
    { url = "https://files.pythonhosted.org/packages/d1/b0/ad2464922a1113c365d12b8f80ed70fcfb39764288ac77c995156080488d/ruff-0.12.10-py3-none-macosx_10_12_x86_64.whl", hash = "sha256:ebb7333a45d56efc7c110a46a69a1b32365d5c5161e7244aaf3aa20ce62399c1", size = 12660884 },
    { url = "https://files.pythonhosted.org/packages/d7/f1/97f509b4108d7bae16c48389f54f005b62ce86712120fd8b2d8e88a7cb49/ruff-0.12.10-py3-none-macosx_11_0_arm64.whl", hash = "sha256:d59e58586829f8e4a9920788f6efba97a13d1fa320b047814e8afede381c6839", size = 11872754 },
    { url = "https://files.pythonhosted.org/packages/12/ad/44f606d243f744a75adc432275217296095101f83f966842063d78eee2d3/ruff-0.12.10-py3-none-manylinux_2_17_aarch64.manylinux2014_aarch64.whl", hash = "sha256:822d9677b560f1fdeab69b89d1f444bf5459da4aa04e06e766cf0121771ab844", size = 12092276 },
    { url = "https://files.pythonhosted.org/packages/06/1f/ed6c265e199568010197909b25c896d66e4ef2c5e1c3808caf461f6f3579/ruff-0.12.10-py3-none-manylinux_2_17_armv7l.manylinux2014_armv7l.whl", hash = "sha256:37b4a64f4062a50c75019c61c7017ff598cb444984b638511f48539d3a1c98db", size = 11734700 },
    { url = "https://files.pythonhosted.org/packages/63/c5/b21cde720f54a1d1db71538c0bc9b73dee4b563a7dd7d2e404914904d7f5/ruff-0.12.10-py3-none-manylinux_2_17_i686.manylinux2014_i686.whl", hash = "sha256:2c6f4064c69d2542029b2a61d39920c85240c39837599d7f2e32e80d36401d6e", size = 13468783 },
    { url = "https://files.pythonhosted.org/packages/02/9e/39369e6ac7f2a1848f22fb0b00b690492f20811a1ac5c1fd1d2798329263/ruff-0.12.10-py3-none-manylinux_2_17_ppc64.manylinux2014_ppc64.whl", hash = "sha256:059e863ea3a9ade41407ad71c1de2badfbe01539117f38f763ba42a1206f7559", size = 14436642 },
    { url = "https://files.pythonhosted.org/packages/e3/03/5da8cad4b0d5242a936eb203b58318016db44f5c5d351b07e3f5e211bb89/ruff-0.12.10-py3-none-manylinux_2_17_ppc64le.manylinux2014_ppc64le.whl", hash = "sha256:1bef6161e297c68908b7218fa6e0e93e99a286e5ed9653d4be71e687dff101cf", size = 13859107 },
    { url = "https://files.pythonhosted.org/packages/19/19/dd7273b69bf7f93a070c9cec9494a94048325ad18fdcf50114f07e6bf417/ruff-0.12.10-py3-none-manylinux_2_17_s390x.manylinux2014_s390x.whl", hash = "sha256:4f1345fbf8fb0531cd722285b5f15af49b2932742fc96b633e883da8d841896b", size = 12886521 },
    { url = "https://files.pythonhosted.org/packages/c0/1d/b4207ec35e7babaee62c462769e77457e26eb853fbdc877af29417033333/ruff-0.12.10-py3-none-manylinux_2_17_x86_64.manylinux2014_x86_64.whl", hash = "sha256:1f68433c4fbc63efbfa3ba5db31727db229fa4e61000f452c540474b03de52a9", size = 13097528 },
    { url = "https://files.pythonhosted.org/packages/ff/00/58f7b873b21114456e880b75176af3490d7a2836033779ca42f50de3b47a/ruff-0.12.10-py3-none-manylinux_2_31_riscv64.whl", hash = "sha256:141ce3d88803c625257b8a6debf4a0473eb6eed9643a6189b68838b43e78165a", size = 13080443 },
    { url = "https://files.pythonhosted.org/packages/12/8c/9e6660007fb10189ccb78a02b41691288038e51e4788bf49b0a60f740604/ruff-0.12.10-py3-none-musllinux_1_2_aarch64.whl", hash = "sha256:f3fc21178cd44c98142ae7590f42ddcb587b8e09a3b849cbc84edb62ee95de60", size = 11896759 },
    { url = "https://files.pythonhosted.org/packages/67/4c/6d092bb99ea9ea6ebda817a0e7ad886f42a58b4501a7e27cd97371d0ba54/ruff-0.12.10-py3-none-musllinux_1_2_armv7l.whl", hash = "sha256:7d1a4e0bdfafcd2e3e235ecf50bf0176f74dd37902f241588ae1f6c827a36c56", size = 11701463 },
    { url = "https://files.pythonhosted.org/packages/59/80/d982c55e91df981f3ab62559371380616c57ffd0172d96850280c2b04fa8/ruff-0.12.10-py3-none-musllinux_1_2_i686.whl", hash = "sha256:e67d96827854f50b9e3e8327b031647e7bcc090dbe7bb11101a81a3a2cbf1cc9", size = 12691603 },
    { url = "https://files.pythonhosted.org/packages/ad/37/63a9c788bbe0b0850611669ec6b8589838faf2f4f959647f2d3e320383ae/ruff-0.12.10-py3-none-musllinux_1_2_x86_64.whl", hash = "sha256:ae479e1a18b439c59138f066ae79cc0f3ee250712a873d00dbafadaad9481e5b", size = 13164356 },
    { url = "https://files.pythonhosted.org/packages/47/d4/1aaa7fb201a74181989970ebccd12f88c0fc074777027e2a21de5a90657e/ruff-0.12.10-py3-none-win32.whl", hash = "sha256:9de785e95dc2f09846c5e6e1d3a3d32ecd0b283a979898ad427a9be7be22b266", size = 11896089 },
    { url = "https://files.pythonhosted.org/packages/ad/14/2ad38fd4037daab9e023456a4a40ed0154e9971f8d6aed41bdea390aabd9/ruff-0.12.10-py3-none-win_amd64.whl", hash = "sha256:7837eca8787f076f67aba2ca559cefd9c5cbc3a9852fd66186f4201b87c1563e", size = 13004616 },
    { url = "https://files.pythonhosted.org/packages/24/3c/21cf283d67af33a8e6ed242396863af195a8a6134ec581524fd22b9811b6/ruff-0.12.10-py3-none-win_arm64.whl", hash = "sha256:cc138cc06ed9d4bfa9d667a65af7172b47840e1a98b02ce7011c391e54635ffc", size = 12074225 },
]

[[package]]
name = "six"
version = "1.17.0"
source = { registry = "https://pypi.org/simple" }
sdist = { url = "https://files.pythonhosted.org/packages/94/e7/b2c673351809dca68a0e064b6af791aa332cf192da575fd474ed7d6f16a2/six-1.17.0.tar.gz", hash = "sha256:ff70335d468e7eb6ec65b95b99d3a2836546063f63acc5171de367e834932a81", size = 34031 }
wheels = [
    { url = "https://files.pythonhosted.org/packages/b7/ce/149a00dd41f10bc29e5921b496af8b574d8413afcd5e30dfa0ed46c2cc5e/six-1.17.0-py2.py3-none-any.whl", hash = "sha256:4721f391ed90541fddacab5acf947aa0d3dc7d27b2e1e8eda2be8970586c3274", size = 11050 },
]

[[package]]
name = "typing-extensions"
version = "4.14.1"
source = { registry = "https://pypi.org/simple" }
sdist = { url = "https://files.pythonhosted.org/packages/98/5a/da40306b885cc8c09109dc2e1abd358d5684b1425678151cdaed4731c822/typing_extensions-4.14.1.tar.gz", hash = "sha256:38b39f4aeeab64884ce9f74c94263ef78f3c22467c8724005483154c26648d36", size = 107673 }
wheels = [
    { url = "https://files.pythonhosted.org/packages/b5/00/d631e67a838026495268c2f6884f3711a15a9a2a96cd244fdaea53b823fb/typing_extensions-4.14.1-py3-none-any.whl", hash = "sha256:d1e1e3b58374dc93031d6eda2420a48ea44a36c2b4766a4fdeb3710755731d76", size = 43906 },
]

[[package]]
name = "urllib3"
version = "2.5.0"
source = { registry = "https://pypi.org/simple" }
sdist = { url = "https://files.pythonhosted.org/packages/15/22/9ee70a2574a4f4599c47dd506532914ce044817c7752a79b6a51286319bc/urllib3-2.5.0.tar.gz", hash = "sha256:3fc47733c7e419d4bc3f6b3dc2b4f890bb743906a30d56ba4a5bfa4bbff92760", size = 393185 }
wheels = [
    { url = "https://files.pythonhosted.org/packages/a7/c2/fe1e52489ae3122415c51f387e221dd0773709bad6c6cdaa599e8a2c5185/urllib3-2.5.0-py3-none-any.whl", hash = "sha256:e6b01673c0fa6a13e374b50871808eb3bf7046c4b125b216f6bf1cc604cff0dc", size = 129795 },
]

[[package]]
name = "wyoming"
version = "1.7.2"
source = { registry = "https://pypi.org/simple" }
sdist = { url = "https://files.pythonhosted.org/packages/ca/f6/01ff030ae3a6c198596d9fb23600757e3d59f82ac8ffbbf0fbcda6222ecf/wyoming-1.7.2.tar.gz", hash = "sha256:3f0630cafb03e87dee857bbcafc0e4d73b3285ec99fe99e1e7a8e3cba6ee3793", size = 39616 }
wheels = [
    { url = "https://files.pythonhosted.org/packages/85/c5/12137c1ee153c7e08f1594a2374201fe6d7dc63beb57839cba239c7c2c05/wyoming-1.7.2-py3-none-any.whl", hash = "sha256:e3b55c464826e34ea20a8b8843456f962d6cc8deae27cfa5bc23f3a2693423d7", size = 41519 },
]

[[package]]
name = "wyoming-microsoft-tts"
version = "1.3.1"
source = { virtual = "." }
dependencies = [
    { name = "azure-cognitiveservices-speech" },
    { name = "black" },
    { name = "lxml" },
    { name = "pycountry" },
    { name = "regex" },
    { name = "wyoming" },
]

[package.dev-dependencies]
dev = [
    { name = "pytest" },
    { name = "ruff" },
]

[package.metadata]
requires-dist = [
    { name = "azure-cognitiveservices-speech", specifier = ">=1.45.0" },
    { name = "black", specifier = ">=25.1.0" },
    { name = "lxml", specifier = ">=6.0.1" },
    { name = "pycountry", specifier = ">=24.6.1" },
    { name = "regex", specifier = ">=2025.7.34" },
    { name = "wyoming", specifier = ">=1.7.2" },
]

[package.metadata.requires-dev]
dev = [
    { name = "pytest", specifier = ">=8.4.1" },
    { name = "ruff", specifier = ">=0.12.10" },
]
